
Microsoft Visual Studio Solution File, Format Version 12.00
# Visual Studio Version 17
VisualStudioVersion = 17.6.33801.468
MinimumVisualStudioVersion = 10.0.40219.1
Project("{9A19103F-16F7-4668-BE54-9A1E7A4F7556}") = "geoPet.Test", "geoPet.Test\geoPet.Test.csproj", "{B4EF2C17-4614-4B28-AA2A-8285C19BAB86}"
EndProject
Project("{9A19103F-16F7-4668-BE54-9A1E7A4F7556}") = "geoPet", "geoPet\geoPet.csproj", "{88A772C9-771C-41C8-9858-2271534A74B0}"
EndProject
Global
	GlobalSection(SolutionConfigurationPlatforms) = preSolution
		Debug|Any CPU = Debug|Any CPU
		Release|Any CPU = Release|Any CPU
	EndGlobalSection
	GlobalSection(ProjectConfigurationPlatforms) = postSolution
		{B4EF2C17-4614-4B28-AA2A-8285C19BAB86}.Debug|Any CPU.ActiveCfg = Debug|Any CPU
		{B4EF2C17-4614-4B28-AA2A-8285C19BAB86}.Debug|Any CPU.Build.0 = Debug|Any CPU
		{B4EF2C17-4614-4B28-AA2A-8285C19BAB86}.Release|Any CPU.ActiveCfg = Release|Any CPU
		{B4EF2C17-4614-4B28-AA2A-8285C19BAB86}.Release|Any CPU.Build.0 = Release|Any CPU
		{88A772C9-771C-41C8-9858-2271534A74B0}.Debug|Any CPU.ActiveCfg = Debug|Any CPU
		{88A772C9-771C-41C8-9858-2271534A74B0}.Debug|Any CPU.Build.0 = Debug|Any CPU
		{88A772C9-771C-41C8-9858-2271534A74B0}.Release|Any CPU.ActiveCfg = Release|Any CPU
		{88A772C9-771C-41C8-9858-2271534A74B0}.Release|Any CPU.Build.0 = Release|Any CPU
	EndGlobalSection
	GlobalSection(SolutionProperties) = preSolution
		HideSolutionNode = FALSE
	EndGlobalSection
	GlobalSection(ExtensibilityGlobals) = postSolution
		SolutionGuid = {EB9F56D9-E5FB-43C9-9102-1300784991CE}
	EndGlobalSection
EndGlobal
